
Microsoft Visual Studio Solution File, Format Version 12.00
# Visual Studio Version 16
VisualStudioVersion = 16.0.29613.14
MinimumVisualStudioVersion = 10.0.40219.1
Project("{FAE04EC0-301F-11D3-BF4B-00C04F79EFBC}") = "MoodAnalyserProject", "MoodAnalyser\MoodAnalyserProject.csproj", "{F1EB8A8C-1AEA-48AF-852D-2EF318744163}"
EndProject
Project("{FAE04EC0-301F-11D3-BF4B-00C04F79EFBC}") = "MoodAnalyserLibrary", "MoodAnalyser.Library\MoodAnalyserLibrary.csproj", "{F6E0D570-7CE5-4C9A-BBD2-98CA98CAE154}"
EndProject
Global
	GlobalSection(SolutionConfigurationPlatforms) = preSolution
		Debug|Any CPU = Debug|Any CPU
		Release|Any CPU = Release|Any CPU
	EndGlobalSection
	GlobalSection(ProjectConfigurationPlatforms) = postSolution
		{F1EB8A8C-1AEA-48AF-852D-2EF318744163}.Debug|Any CPU.ActiveCfg = Debug|Any CPU
		{F1EB8A8C-1AEA-48AF-852D-2EF318744163}.Debug|Any CPU.Build.0 = Debug|Any CPU
		{F1EB8A8C-1AEA-48AF-852D-2EF318744163}.Release|Any CPU.ActiveCfg = Release|Any CPU
		{F1EB8A8C-1AEA-48AF-852D-2EF318744163}.Release|Any CPU.Build.0 = Release|Any CPU
		{F6E0D570-7CE5-4C9A-BBD2-98CA98CAE154}.Debug|Any CPU.ActiveCfg = Debug|Any CPU
		{F6E0D570-7CE5-4C9A-BBD2-98CA98CAE154}.Debug|Any CPU.Build.0 = Debug|Any CPU
		{F6E0D570-7CE5-4C9A-BBD2-98CA98CAE154}.Release|Any CPU.ActiveCfg = Release|Any CPU
		{F6E0D570-7CE5-4C9A-BBD2-98CA98CAE154}.Release|Any CPU.Build.0 = Release|Any CPU
	EndGlobalSection
	GlobalSection(SolutionProperties) = preSolution
		HideSolutionNode = FALSE
	EndGlobalSection
	GlobalSection(ExtensibilityGlobals) = postSolution
		SolutionGuid = {4E8C56A4-D294-4C21-849B-B779CD55C5A6}
	EndGlobalSection
EndGlobal
